// !$*UTF8*$!
{
	archiveVersion = 1;
	classes = {
	};
	objectVersion = 56;
	objects = {

/* Begin PBXBuildFile section */
		1202C7D72BD2D18700A292CC /* AppDelegate.swift in Sources */ = {isa = PBXBuildFile; fileRef = 1202C7D62BD2D18700A292CC /* AppDelegate.swift */; };
		1202C7D92BD2D18700A292CC /* SceneDelegate.swift in Sources */ = {isa = PBXBuildFile; fileRef = 1202C7D82BD2D18700A292CC /* SceneDelegate.swift */; };
		1202C7DE2BD2D18700A292CC /* Main.storyboard in Resources */ = {isa = PBXBuildFile; fileRef = 1202C7DC2BD2D18700A292CC /* Main.storyboard */; };
		1202C7E02BD2D18900A292CC /* Assets.xcassets in Resources */ = {isa = PBXBuildFile; fileRef = 1202C7DF2BD2D18900A292CC /* Assets.xcassets */; };
		1202C7E32BD2D18900A292CC /* LaunchScreen.storyboard in Resources */ = {isa = PBXBuildFile; fileRef = 1202C7E12BD2D18900A292CC /* LaunchScreen.storyboard */; };
		1202C80E2BD2D27500A292CC /* CryptoTickerHomePageViewController.swift in Sources */ = {isa = PBXBuildFile; fileRef = 1202C80D2BD2D27500A292CC /* CryptoTickerHomePageViewController.swift */; };
		1202C8102BD2D2F000A292CC /* CryptoTickerHomePageUITests.swift in Sources */ = {isa = PBXBuildFile; fileRef = 1202C80F2BD2D2F000A292CC /* CryptoTickerHomePageUITests.swift */; };
		1202C8142BD2D4E200A292CC /* CryptoTickerHomePagePresenter.swift in Sources */ = {isa = PBXBuildFile; fileRef = 1202C8132BD2D4E200A292CC /* CryptoTickerHomePagePresenter.swift */; };
		1202C8162BD2D57D00A292CC /* CryptoTickerHomePagePresenterProtocol.swift in Sources */ = {isa = PBXBuildFile; fileRef = 1202C8152BD2D57D00A292CC /* CryptoTickerHomePagePresenterProtocol.swift */; };
		1202C81A2BD2D62600A292CC /* CryptoTickerHomePagePresenterMock.swift in Sources */ = {isa = PBXBuildFile; fileRef = 1202C8182BD2D62400A292CC /* CryptoTickerHomePagePresenterMock.swift */; };
		1202C81C2BD2D76E00A292CC /* CryptoTickerViewDelegateProtocol.swift in Sources */ = {isa = PBXBuildFile; fileRef = 1202C81B2BD2D76E00A292CC /* CryptoTickerViewDelegateProtocol.swift */; };
		1202C81E2BD2D7A600A292CC /* CryptoTickerErrorModel.swift in Sources */ = {isa = PBXBuildFile; fileRef = 1202C81D2BD2D7A600A292CC /* CryptoTickerErrorModel.swift */; };
		1202C8202BD2DA0C00A292CC /* CryptoTickerWebService.swift in Sources */ = {isa = PBXBuildFile; fileRef = 1202C81F2BD2DA0C00A292CC /* CryptoTickerWebService.swift */; };
		1202C8232BD2DA4500A292CC /* CryptoTickerWebserviceProtocol.swift in Sources */ = {isa = PBXBuildFile; fileRef = 1202C8222BD2DA4500A292CC /* CryptoTickerWebserviceProtocol.swift */; };
		1202C8252BD2DA6500A292CC /* CryptoTickerWebserviceMock.swift in Sources */ = {isa = PBXBuildFile; fileRef = 1202C8242BD2DA6500A292CC /* CryptoTickerWebserviceMock.swift */; };
		1202C8272BD2DB9500A292CC /* CryptoTickerCoins.swift in Sources */ = {isa = PBXBuildFile; fileRef = 1202C8262BD2DB9500A292CC /* CryptoTickerCoins.swift */; };
		1202C8292BD2DBC900A292CC /* CryptoTickerCoin.swift in Sources */ = {isa = PBXBuildFile; fileRef = 1202C8282BD2DBC900A292CC /* CryptoTickerCoin.swift */; };
		1202C82B2BD3FF3500A292CC /* CryptoTickerMockURLProtocol.swift in Sources */ = {isa = PBXBuildFile; fileRef = 1202C82A2BD3FF3500A292CC /* CryptoTickerMockURLProtocol.swift */; };
		1202C82D2BD4060300A292CC /* CryptoTickerConstants.swift in Sources */ = {isa = PBXBuildFile; fileRef = 1202C82C2BD4060300A292CC /* CryptoTickerConstants.swift */; };
/* End PBXBuildFile section */

/* Begin PBXContainerItemProxy section */
		1202C7EA2BD2D18B00A292CC /* PBXContainerItemProxy */ = {
			isa = PBXContainerItemProxy;
			containerPortal = 1202C7CB2BD2D18700A292CC /* Project object */;
			proxyType = 1;
			remoteGlobalIDString = 1202C7D22BD2D18700A292CC;
			remoteInfo = CryptoTicker;
		};
		1202C7F42BD2D18B00A292CC /* PBXContainerItemProxy */ = {
			isa = PBXContainerItemProxy;
			containerPortal = 1202C7CB2BD2D18700A292CC /* Project object */;
			proxyType = 1;
			remoteGlobalIDString = 1202C7D22BD2D18700A292CC;
			remoteInfo = CryptoTicker;
		};
/* End PBXContainerItemProxy section */

/* Begin PBXFileReference section */
		1202C7D32BD2D18700A292CC /* CryptoTicker.app */ = {isa = PBXFileReference; explicitFileType = wrapper.application; includeInIndex = 0; path = CryptoTicker.app; sourceTree = BUILT_PRODUCTS_DIR; };
		1202C7D62BD2D18700A292CC /* AppDelegate.swift */ = {isa = PBXFileReference; lastKnownFileType = sourcecode.swift; path = AppDelegate.swift; sourceTree = "<group>"; };
		1202C7D82BD2D18700A292CC /* SceneDelegate.swift */ = {isa = PBXFileReference; lastKnownFileType = sourcecode.swift; path = SceneDelegate.swift; sourceTree = "<group>"; };
		1202C7DD2BD2D18700A292CC /* Base */ = {isa = PBXFileReference; lastKnownFileType = file.storyboard; name = Base; path = Base.lproj/Main.storyboard; sourceTree = "<group>"; };
		1202C7DF2BD2D18900A292CC /* Assets.xcassets */ = {isa = PBXFileReference; lastKnownFileType = folder.assetcatalog; path = Assets.xcassets; sourceTree = "<group>"; };
		1202C7E22BD2D18900A292CC /* Base */ = {isa = PBXFileReference; lastKnownFileType = file.storyboard; name = Base; path = Base.lproj/LaunchScreen.storyboard; sourceTree = "<group>"; };
		1202C7E42BD2D18900A292CC /* Info.plist */ = {isa = PBXFileReference; lastKnownFileType = text.plist.xml; path = Info.plist; sourceTree = "<group>"; };
		1202C7E92BD2D18B00A292CC /* CryptoTickerTests.xctest */ = {isa = PBXFileReference; explicitFileType = wrapper.cfbundle; includeInIndex = 0; path = CryptoTickerTests.xctest; sourceTree = BUILT_PRODUCTS_DIR; };
		1202C7F32BD2D18B00A292CC /* CryptoTickerUITests.xctest */ = {isa = PBXFileReference; explicitFileType = wrapper.cfbundle; includeInIndex = 0; path = CryptoTickerUITests.xctest; sourceTree = BUILT_PRODUCTS_DIR; };
		1202C80D2BD2D27500A292CC /* CryptoTickerHomePageViewController.swift */ = {isa = PBXFileReference; lastKnownFileType = sourcecode.swift; path = CryptoTickerHomePageViewController.swift; sourceTree = "<group>"; };
		1202C80F2BD2D2F000A292CC /* CryptoTickerHomePageUITests.swift */ = {isa = PBXFileReference; lastKnownFileType = sourcecode.swift; path = CryptoTickerHomePageUITests.swift; sourceTree = "<group>"; };
		1202C8132BD2D4E200A292CC /* CryptoTickerHomePagePresenter.swift */ = {isa = PBXFileReference; lastKnownFileType = sourcecode.swift; path = CryptoTickerHomePagePresenter.swift; sourceTree = "<group>"; };
		1202C8152BD2D57D00A292CC /* CryptoTickerHomePagePresenterProtocol.swift */ = {isa = PBXFileReference; lastKnownFileType = sourcecode.swift; path = CryptoTickerHomePagePresenterProtocol.swift; sourceTree = "<group>"; };
		1202C8182BD2D62400A292CC /* CryptoTickerHomePagePresenterMock.swift */ = {isa = PBXFileReference; lastKnownFileType = sourcecode.swift; path = CryptoTickerHomePagePresenterMock.swift; sourceTree = "<group>"; };
		1202C81B2BD2D76E00A292CC /* CryptoTickerViewDelegateProtocol.swift */ = {isa = PBXFileReference; lastKnownFileType = sourcecode.swift; path = CryptoTickerViewDelegateProtocol.swift; sourceTree = "<group>"; };
		1202C81D2BD2D7A600A292CC /* CryptoTickerErrorModel.swift */ = {isa = PBXFileReference; lastKnownFileType = sourcecode.swift; path = CryptoTickerErrorModel.swift; sourceTree = "<group>"; };
		1202C81F2BD2DA0C00A292CC /* CryptoTickerWebService.swift */ = {isa = PBXFileReference; lastKnownFileType = sourcecode.swift; path = CryptoTickerWebService.swift; sourceTree = "<group>"; };
		1202C8222BD2DA4500A292CC /* CryptoTickerWebserviceProtocol.swift */ = {isa = PBXFileReference; lastKnownFileType = sourcecode.swift; path = CryptoTickerWebserviceProtocol.swift; sourceTree = "<group>"; };
		1202C8242BD2DA6500A292CC /* CryptoTickerWebserviceMock.swift */ = {isa = PBXFileReference; lastKnownFileType = sourcecode.swift; path = CryptoTickerWebserviceMock.swift; sourceTree = "<group>"; };
		1202C8262BD2DB9500A292CC /* CryptoTickerCoins.swift */ = {isa = PBXFileReference; lastKnownFileType = sourcecode.swift; path = CryptoTickerCoins.swift; sourceTree = "<group>"; };
		1202C8282BD2DBC900A292CC /* CryptoTickerCoin.swift */ = {isa = PBXFileReference; lastKnownFileType = sourcecode.swift; path = CryptoTickerCoin.swift; sourceTree = "<group>"; };
		1202C82A2BD3FF3500A292CC /* CryptoTickerMockURLProtocol.swift */ = {isa = PBXFileReference; lastKnownFileType = sourcecode.swift; path = CryptoTickerMockURLProtocol.swift; sourceTree = "<group>"; };
		1202C82C2BD4060300A292CC /* CryptoTickerConstants.swift */ = {isa = PBXFileReference; lastKnownFileType = sourcecode.swift; path = CryptoTickerConstants.swift; sourceTree = "<group>"; };
/* End PBXFileReference section */

/* Begin PBXFrameworksBuildPhase section */
		1202C7D02BD2D18700A292CC /* Frameworks */ = {
			isa = PBXFrameworksBuildPhase;
			buildActionMask = 2147483647;
			files = (
			);
			runOnlyForDeploymentPostprocessing = 0;
		};
		1202C7E62BD2D18B00A292CC /* Frameworks */ = {
			isa = PBXFrameworksBuildPhase;
			buildActionMask = 2147483647;
			files = (
			);
			runOnlyForDeploymentPostprocessing = 0;
		};
		1202C7F02BD2D18B00A292CC /* Frameworks */ = {
			isa = PBXFrameworksBuildPhase;
			buildActionMask = 2147483647;
			files = (
			);
			runOnlyForDeploymentPostprocessing = 0;
		};
/* End PBXFrameworksBuildPhase section */

/* Begin PBXGroup section */
		1202C7CA2BD2D18700A292CC = {
			isa = PBXGroup;
			children = (
				1202C7D52BD2D18700A292CC /* CryptoTicker */,
				1202C80C2BD2D1F300A292CC /* UnitTests */,
				1202C80B2BD2D1E600A292CC /* UITests */,
				1202C7D42BD2D18700A292CC /* Products */,
			);
			sourceTree = "<group>";
		};
		1202C7D42BD2D18700A292CC /* Products */ = {
			isa = PBXGroup;
			children = (
				1202C7D32BD2D18700A292CC /* CryptoTicker.app */,
				1202C7E92BD2D18B00A292CC /* CryptoTickerTests.xctest */,
				1202C7F32BD2D18B00A292CC /* CryptoTickerUITests.xctest */,
			);
			name = Products;
			sourceTree = "<group>";
		};
		1202C7D52BD2D18700A292CC /* CryptoTicker */ = {
			isa = PBXGroup;
			children = (
				1202C8082BD2D1AD00A292CC /* Protocols */,
				1202C8212BD2DA1C00A292CC /* Network */,
				1202C8092BD2D1B300A292CC /* Presenters */,
				1202C8072BD2D1A700A292CC /* Models */,
				1202C8062BD2D1A000A292CC /* Controllers */,
				1202C7D62BD2D18700A292CC /* AppDelegate.swift */,
				1202C7D82BD2D18700A292CC /* SceneDelegate.swift */,
				1202C7DC2BD2D18700A292CC /* Main.storyboard */,
				1202C7DF2BD2D18900A292CC /* Assets.xcassets */,
				1202C7E12BD2D18900A292CC /* LaunchScreen.storyboard */,
				1202C7E42BD2D18900A292CC /* Info.plist */,
			);
			path = CryptoTicker;
			sourceTree = "<group>";
		};
		1202C8062BD2D1A000A292CC /* Controllers */ = {
			isa = PBXGroup;
			children = (
				1202C80D2BD2D27500A292CC /* CryptoTickerHomePageViewController.swift */,
			);
			path = Controllers;
			sourceTree = "<group>";
		};
		1202C8072BD2D1A700A292CC /* Models */ = {
			isa = PBXGroup;
			children = (
				1202C81D2BD2D7A600A292CC /* CryptoTickerErrorModel.swift */,
				1202C8262BD2DB9500A292CC /* CryptoTickerCoins.swift */,
				1202C8282BD2DBC900A292CC /* CryptoTickerCoin.swift */,
				1202C82C2BD4060300A292CC /* CryptoTickerConstants.swift */,
			);
			path = Models;
			sourceTree = "<group>";
		};
		1202C8082BD2D1AD00A292CC /* Protocols */ = {
			isa = PBXGroup;
			children = (
				1202C8152BD2D57D00A292CC /* CryptoTickerHomePagePresenterProtocol.swift */,
				1202C81B2BD2D76E00A292CC /* CryptoTickerViewDelegateProtocol.swift */,
				1202C8222BD2DA4500A292CC /* CryptoTickerWebserviceProtocol.swift */,
			);
			path = Protocols;
			sourceTree = "<group>";
		};
		1202C8092BD2D1B300A292CC /* Presenters */ = {
			isa = PBXGroup;
			children = (
				1202C8132BD2D4E200A292CC /* CryptoTickerHomePagePresenter.swift */,
			);
			path = Presenters;
			sourceTree = "<group>";
		};
		1202C80B2BD2D1E600A292CC /* UITests */ = {
			isa = PBXGroup;
			children = (
				1202C80F2BD2D2F000A292CC /* CryptoTickerHomePageUITests.swift */,
			);
			path = UITests;
			sourceTree = "<group>";
		};
		1202C80C2BD2D1F300A292CC /* UnitTests */ = {
			isa = PBXGroup;
			children = (
				1202C8172BD2D60900A292CC /* Mocks */,
			);
			path = UnitTests;
			sourceTree = "<group>";
		};
		1202C8172BD2D60900A292CC /* Mocks */ = {
			isa = PBXGroup;
			children = (
				1202C82F2BD4120400A292CC /* Network */,
				1202C82E2BD411FE00A292CC /* Presenters */,
			);
			path = Mocks;
			sourceTree = "<group>";
		};
		1202C8212BD2DA1C00A292CC /* Network */ = {
			isa = PBXGroup;
			children = (
				1202C81F2BD2DA0C00A292CC /* CryptoTickerWebService.swift */,
			);
			path = Network;
			sourceTree = "<group>";
		};
		1202C82E2BD411FE00A292CC /* Presenters */ = {
			isa = PBXGroup;
			children = (
				1202C8182BD2D62400A292CC /* CryptoTickerHomePagePresenterMock.swift */,
			);
			path = Presenters;
			sourceTree = "<group>";
		};
		1202C82F2BD4120400A292CC /* Network */ = {
			isa = PBXGroup;
			children = (
				1202C82A2BD3FF3500A292CC /* CryptoTickerMockURLProtocol.swift */,
				1202C8242BD2DA6500A292CC /* CryptoTickerWebserviceMock.swift */,
			);
			path = Network;
			sourceTree = "<group>";
		};
/* End PBXGroup section */

/* Begin PBXNativeTarget section */
		1202C7D22BD2D18700A292CC /* CryptoTicker */ = {
			isa = PBXNativeTarget;
			buildConfigurationList = 1202C7FD2BD2D18B00A292CC /* Build configuration list for PBXNativeTarget "CryptoTicker" */;
			buildPhases = (
				1202C7CF2BD2D18700A292CC /* Sources */,
				1202C7D02BD2D18700A292CC /* Frameworks */,
				1202C7D12BD2D18700A292CC /* Resources */,
			);
			buildRules = (
			);
			dependencies = (
			);
			name = CryptoTicker;
			productName = CryptoTicker;
			productReference = 1202C7D32BD2D18700A292CC /* CryptoTicker.app */;
			productType = "com.apple.product-type.application";
		};
		1202C7E82BD2D18B00A292CC /* CryptoTickerTests */ = {
			isa = PBXNativeTarget;
			buildConfigurationList = 1202C8002BD2D18B00A292CC /* Build configuration list for PBXNativeTarget "CryptoTickerTests" */;
			buildPhases = (
				1202C7E52BD2D18B00A292CC /* Sources */,
				1202C7E62BD2D18B00A292CC /* Frameworks */,
				1202C7E72BD2D18B00A292CC /* Resources */,
			);
			buildRules = (
			);
			dependencies = (
				1202C7EB2BD2D18B00A292CC /* PBXTargetDependency */,
			);
			name = CryptoTickerTests;
			productName = CryptoTickerTests;
			productReference = 1202C7E92BD2D18B00A292CC /* CryptoTickerTests.xctest */;
			productType = "com.apple.product-type.bundle.unit-test";
		};
		1202C7F22BD2D18B00A292CC /* CryptoTickerUITests */ = {
			isa = PBXNativeTarget;
			buildConfigurationList = 1202C8032BD2D18B00A292CC /* Build configuration list for PBXNativeTarget "CryptoTickerUITests" */;
			buildPhases = (
				1202C7EF2BD2D18B00A292CC /* Sources */,
				1202C7F02BD2D18B00A292CC /* Frameworks */,
				1202C7F12BD2D18B00A292CC /* Resources */,
			);
			buildRules = (
			);
			dependencies = (
				1202C7F52BD2D18B00A292CC /* PBXTargetDependency */,
			);
			name = CryptoTickerUITests;
			productName = CryptoTickerUITests;
			productReference = 1202C7F32BD2D18B00A292CC /* CryptoTickerUITests.xctest */;
			productType = "com.apple.product-type.bundle.ui-testing";
		};
/* End PBXNativeTarget section */

/* Begin PBXProject section */
		1202C7CB2BD2D18700A292CC /* Project object */ = {
			isa = PBXProject;
			attributes = {
				BuildIndependentTargetsInParallel = 1;
				LastSwiftUpdateCheck = 1510;
				LastUpgradeCheck = 1510;
				TargetAttributes = {
					1202C7D22BD2D18700A292CC = {
						CreatedOnToolsVersion = 15.1;
					};
					1202C7E82BD2D18B00A292CC = {
						CreatedOnToolsVersion = 15.1;
						LastSwiftMigration = 1510;
						TestTargetID = 1202C7D22BD2D18700A292CC;
					};
					1202C7F22BD2D18B00A292CC = {
						CreatedOnToolsVersion = 15.1;
						LastSwiftMigration = 1510;
						TestTargetID = 1202C7D22BD2D18700A292CC;
					};
				};
			};
			buildConfigurationList = 1202C7CE2BD2D18700A292CC /* Build configuration list for PBXProject "CryptoTicker" */;
			compatibilityVersion = "Xcode 14.0";
			developmentRegion = en;
			hasScannedForEncodings = 0;
			knownRegions = (
				en,
				Base,
			);
			mainGroup = 1202C7CA2BD2D18700A292CC;
			productRefGroup = 1202C7D42BD2D18700A292CC /* Products */;
			projectDirPath = "";
			projectRoot = "";
			targets = (
				1202C7D22BD2D18700A292CC /* CryptoTicker */,
				1202C7E82BD2D18B00A292CC /* CryptoTickerTests */,
				1202C7F22BD2D18B00A292CC /* CryptoTickerUITests */,
			);
		};
/* End PBXProject section */

/* Begin PBXResourcesBuildPhase section */
		1202C7D12BD2D18700A292CC /* Resources */ = {
			isa = PBXResourcesBuildPhase;
			buildActionMask = 2147483647;
			files = (
				1202C7E32BD2D18900A292CC /* LaunchScreen.storyboard in Resources */,
				1202C7E02BD2D18900A292CC /* Assets.xcassets in Resources */,
				1202C7DE2BD2D18700A292CC /* Main.storyboard in Resources */,
			);
			runOnlyForDeploymentPostprocessing = 0;
		};
		1202C7E72BD2D18B00A292CC /* Resources */ = {
			isa = PBXResourcesBuildPhase;
			buildActionMask = 2147483647;
			files = (
			);
			runOnlyForDeploymentPostprocessing = 0;
		};
		1202C7F12BD2D18B00A292CC /* Resources */ = {
			isa = PBXResourcesBuildPhase;
			buildActionMask = 2147483647;
			files = (
			);
			runOnlyForDeploymentPostprocessing = 0;
		};
/* End PBXResourcesBuildPhase section */

/* Begin PBXSourcesBuildPhase section */
		1202C7CF2BD2D18700A292CC /* Sources */ = {
			isa = PBXSourcesBuildPhase;
			buildActionMask = 2147483647;
			files = (
				1202C81E2BD2D7A600A292CC /* CryptoTickerErrorModel.swift in Sources */,
				1202C8202BD2DA0C00A292CC /* CryptoTickerWebService.swift in Sources */,
				1202C81C2BD2D76E00A292CC /* CryptoTickerViewDelegateProtocol.swift in Sources */,
				1202C7D72BD2D18700A292CC /* AppDelegate.swift in Sources */,
				1202C8252BD2DA6500A292CC /* CryptoTickerWebserviceMock.swift in Sources */,
				1202C8162BD2D57D00A292CC /* CryptoTickerHomePagePresenterProtocol.swift in Sources */,
				1202C7D92BD2D18700A292CC /* SceneDelegate.swift in Sources */,
				1202C8272BD2DB9500A292CC /* CryptoTickerCoins.swift in Sources */,
				1202C80E2BD2D27500A292CC /* CryptoTickerHomePageViewController.swift in Sources */,
				1202C8292BD2DBC900A292CC /* CryptoTickerCoin.swift in Sources */,
				1202C82B2BD3FF3500A292CC /* CryptoTickerMockURLProtocol.swift in Sources */,
				1202C8142BD2D4E200A292CC /* CryptoTickerHomePagePresenter.swift in Sources */,
				1202C82D2BD4060300A292CC /* CryptoTickerConstants.swift in Sources */,
				1202C8232BD2DA4500A292CC /* CryptoTickerWebserviceProtocol.swift in Sources */,
			);
			runOnlyForDeploymentPostprocessing = 0;
		};
		1202C7E52BD2D18B00A292CC /* Sources */ = {
			isa = PBXSourcesBuildPhase;
			buildActionMask = 2147483647;
			files = (
				1202C81A2BD2D62600A292CC /* CryptoTickerHomePagePresenterMock.swift in Sources */,
			);
			runOnlyForDeploymentPostprocessing = 0;
		};
		1202C7EF2BD2D18B00A292CC /* Sources */ = {
			isa = PBXSourcesBuildPhase;
			buildActionMask = 2147483647;
			files = (
				1202C8102BD2D2F000A292CC /* CryptoTickerHomePageUITests.swift in Sources */,
			);
			runOnlyForDeploymentPostprocessing = 0;
		};
/* End PBXSourcesBuildPhase section */

/* Begin PBXTargetDependency section */
		1202C7EB2BD2D18B00A292CC /* PBXTargetDependency */ = {
			isa = PBXTargetDependency;
			target = 1202C7D22BD2D18700A292CC /* CryptoTicker */;
			targetProxy = 1202C7EA2BD2D18B00A292CC /* PBXContainerItemProxy */;
		};
		1202C7F52BD2D18B00A292CC /* PBXTargetDependency */ = {
			isa = PBXTargetDependency;
			target = 1202C7D22BD2D18700A292CC /* CryptoTicker */;
			targetProxy = 1202C7F42BD2D18B00A292CC /* PBXContainerItemProxy */;
		};
/* End PBXTargetDependency section */

/* Begin PBXVariantGroup section */
		1202C7DC2BD2D18700A292CC /* Main.storyboard */ = {
			isa = PBXVariantGroup;
			children = (
				1202C7DD2BD2D18700A292CC /* Base */,
			);
			name = Main.storyboard;
			sourceTree = "<group>";
		};
		1202C7E12BD2D18900A292CC /* LaunchScreen.storyboard */ = {
			isa = PBXVariantGroup;
			children = (
				1202C7E22BD2D18900A292CC /* Base */,
			);
			name = LaunchScreen.storyboard;
			sourceTree = "<group>";
		};
/* End PBXVariantGroup section */

/* Begin XCBuildConfiguration section */
		1202C7FB2BD2D18B00A292CC /* Debug */ = {
			isa = XCBuildConfiguration;
			buildSettings = {
				ALWAYS_SEARCH_USER_PATHS = NO;
				ASSETCATALOG_COMPILER_GENERATE_SWIFT_ASSET_SYMBOL_EXTENSIONS = YES;
				CLANG_ANALYZER_NONNULL = YES;
				CLANG_ANALYZER_NUMBER_OBJECT_CONVERSION = YES_AGGRESSIVE;
				CLANG_CXX_LANGUAGE_STANDARD = "gnu++20";
				CLANG_ENABLE_MODULES = YES;
				CLANG_ENABLE_OBJC_ARC = YES;
				CLANG_ENABLE_OBJC_WEAK = YES;
				CLANG_WARN_BLOCK_CAPTURE_AUTORELEASING = YES;
				CLANG_WARN_BOOL_CONVERSION = YES;
				CLANG_WARN_COMMA = YES;
				CLANG_WARN_CONSTANT_CONVERSION = YES;
				CLANG_WARN_DEPRECATED_OBJC_IMPLEMENTATIONS = YES;
				CLANG_WARN_DIRECT_OBJC_ISA_USAGE = YES_ERROR;
				CLANG_WARN_DOCUMENTATION_COMMENTS = YES;
				CLANG_WARN_EMPTY_BODY = YES;
				CLANG_WARN_ENUM_CONVERSION = YES;
				CLANG_WARN_INFINITE_RECURSION = YES;
				CLANG_WARN_INT_CONVERSION = YES;
				CLANG_WARN_NON_LITERAL_NULL_CONVERSION = YES;
				CLANG_WARN_OBJC_IMPLICIT_RETAIN_SELF = YES;
				CLANG_WARN_OBJC_LITERAL_CONVERSION = YES;
				CLANG_WARN_OBJC_ROOT_CLASS = YES_ERROR;
				CLANG_WARN_QUOTED_INCLUDE_IN_FRAMEWORK_HEADER = YES;
				CLANG_WARN_RANGE_LOOP_ANALYSIS = YES;
				CLANG_WARN_STRICT_PROTOTYPES = YES;
				CLANG_WARN_SUSPICIOUS_MOVE = YES;
				CLANG_WARN_UNGUARDED_AVAILABILITY = YES_AGGRESSIVE;
				CLANG_WARN_UNREACHABLE_CODE = YES;
				CLANG_WARN__DUPLICATE_METHOD_MATCH = YES;
				COPY_PHASE_STRIP = NO;
				DEBUG_INFORMATION_FORMAT = dwarf;
				ENABLE_STRICT_OBJC_MSGSEND = YES;
				ENABLE_TESTABILITY = YES;
				ENABLE_USER_SCRIPT_SANDBOXING = YES;
				GCC_C_LANGUAGE_STANDARD = gnu17;
				GCC_DYNAMIC_NO_PIC = NO;
				GCC_NO_COMMON_BLOCKS = YES;
				GCC_OPTIMIZATION_LEVEL = 0;
				GCC_PREPROCESSOR_DEFINITIONS = (
					"DEBUG=1",
					"$(inherited)",
				);
				GCC_WARN_64_TO_32_BIT_CONVERSION = YES;
				GCC_WARN_ABOUT_RETURN_TYPE = YES_ERROR;
				GCC_WARN_UNDECLARED_SELECTOR = YES;
				GCC_WARN_UNINITIALIZED_AUTOS = YES_AGGRESSIVE;
				GCC_WARN_UNUSED_FUNCTION = YES;
				GCC_WARN_UNUSED_VARIABLE = YES;
				IPHONEOS_DEPLOYMENT_TARGET = 17.2;
				LOCALIZATION_PREFERS_STRING_CATALOGS = YES;
				MTL_ENABLE_DEBUG_INFO = INCLUDE_SOURCE;
				MTL_FAST_MATH = YES;
				ONLY_ACTIVE_ARCH = YES;
				SDKROOT = iphoneos;
				SWIFT_ACTIVE_COMPILATION_CONDITIONS = "DEBUG $(inherited)";
				SWIFT_OPTIMIZATION_LEVEL = "-Onone";
			};
			name = Debug;
		};
		1202C7FC2BD2D18B00A292CC /* Release */ = {
			isa = XCBuildConfiguration;
			buildSettings = {
				ALWAYS_SEARCH_USER_PATHS = NO;
				ASSETCATALOG_COMPILER_GENERATE_SWIFT_ASSET_SYMBOL_EXTENSIONS = YES;
				CLANG_ANALYZER_NONNULL = YES;
				CLANG_ANALYZER_NUMBER_OBJECT_CONVERSION = YES_AGGRESSIVE;
				CLANG_CXX_LANGUAGE_STANDARD = "gnu++20";
				CLANG_ENABLE_MODULES = YES;
				CLANG_ENABLE_OBJC_ARC = YES;
				CLANG_ENABLE_OBJC_WEAK = YES;
				CLANG_WARN_BLOCK_CAPTURE_AUTORELEASING = YES;
				CLANG_WARN_BOOL_CONVERSION = YES;
				CLANG_WARN_COMMA = YES;
				CLANG_WARN_CONSTANT_CONVERSION = YES;
				CLANG_WARN_DEPRECATED_OBJC_IMPLEMENTATIONS = YES;
				CLANG_WARN_DIRECT_OBJC_ISA_USAGE = YES_ERROR;
				CLANG_WARN_DOCUMENTATION_COMMENTS = YES;
				CLANG_WARN_EMPTY_BODY = YES;
				CLANG_WARN_ENUM_CONVERSION = YES;
				CLANG_WARN_INFINITE_RECURSION = YES;
				CLANG_WARN_INT_CONVERSION = YES;
				CLANG_WARN_NON_LITERAL_NULL_CONVERSION = YES;
				CLANG_WARN_OBJC_IMPLICIT_RETAIN_SELF = YES;
				CLANG_WARN_OBJC_LITERAL_CONVERSION = YES;
				CLANG_WARN_OBJC_ROOT_CLASS = YES_ERROR;
				CLANG_WARN_QUOTED_INCLUDE_IN_FRAMEWORK_HEADER = YES;
				CLANG_WARN_RANGE_LOOP_ANALYSIS = YES;
				CLANG_WARN_STRICT_PROTOTYPES = YES;
				CLANG_WARN_SUSPICIOUS_MOVE = YES;
				CLANG_WARN_UNGUARDED_AVAILABILITY = YES_AGGRESSIVE;
				CLANG_WARN_UNREACHABLE_CODE = YES;
				CLANG_WARN__DUPLICATE_METHOD_MATCH = YES;
				COPY_PHASE_STRIP = NO;
				DEBUG_INFORMATION_FORMAT = "dwarf-with-dsym";
				ENABLE_NS_ASSERTIONS = NO;
				ENABLE_STRICT_OBJC_MSGSEND = YES;
				ENABLE_USER_SCRIPT_SANDBOXING = YES;
				GCC_C_LANGUAGE_STANDARD = gnu17;
				GCC_NO_COMMON_BLOCKS = YES;
				GCC_WARN_64_TO_32_BIT_CONVERSION = YES;
				GCC_WARN_ABOUT_RETURN_TYPE = YES_ERROR;
				GCC_WARN_UNDECLARED_SELECTOR = YES;
				GCC_WARN_UNINITIALIZED_AUTOS = YES_AGGRESSIVE;
				GCC_WARN_UNUSED_FUNCTION = YES;
				GCC_WARN_UNUSED_VARIABLE = YES;
				IPHONEOS_DEPLOYMENT_TARGET = 17.2;
				LOCALIZATION_PREFERS_STRING_CATALOGS = YES;
				MTL_ENABLE_DEBUG_INFO = NO;
				MTL_FAST_MATH = YES;
				SDKROOT = iphoneos;
				SWIFT_COMPILATION_MODE = wholemodule;
				VALIDATE_PRODUCT = YES;
			};
			name = Release;
		};
		1202C7FE2BD2D18B00A292CC /* Debug */ = {
			isa = XCBuildConfiguration;
			buildSettings = {
				ASSETCATALOG_COMPILER_APPICON_NAME = AppIcon;
				ASSETCATALOG_COMPILER_GLOBAL_ACCENT_COLOR_NAME = AccentColor;
				CODE_SIGN_STYLE = Automatic;
				CURRENT_PROJECT_VERSION = 1;
				DEVELOPMENT_TEAM = 2Z82NMX6WM;
				GENERATE_INFOPLIST_FILE = YES;
				INFOPLIST_FILE = CryptoTicker/Info.plist;
				INFOPLIST_KEY_CFBundleDisplayName = CryptoTicker;
				INFOPLIST_KEY_UIApplicationSupportsIndirectInputEvents = YES;
				INFOPLIST_KEY_UILaunchStoryboardName = LaunchScreen;
				INFOPLIST_KEY_UIMainStoryboardFile = Main;
				INFOPLIST_KEY_UISupportedInterfaceOrientations_iPad = "UIInterfaceOrientationPortrait UIInterfaceOrientationPortraitUpsideDown UIInterfaceOrientationLandscapeLeft UIInterfaceOrientationLandscapeRight";
				INFOPLIST_KEY_UISupportedInterfaceOrientations_iPhone = "UIInterfaceOrientationPortrait UIInterfaceOrientationLandscapeLeft UIInterfaceOrientationLandscapeRight";
				LD_RUNPATH_SEARCH_PATHS = (
					"$(inherited)",
					"@executable_path/Frameworks",
				);
				MARKETING_VERSION = 1.0;
				PRODUCT_BUNDLE_IDENTIFIER = com.DavidLourenco.CryptoTicker;
				PRODUCT_NAME = "$(TARGET_NAME)";
				SWIFT_EMIT_LOC_STRINGS = YES;
				SWIFT_VERSION = 5.0;
				TARGETED_DEVICE_FAMILY = "1,2";
			};
			name = Debug;
		};
		1202C7FF2BD2D18B00A292CC /* Release */ = {
			isa = XCBuildConfiguration;
			buildSettings = {
				ASSETCATALOG_COMPILER_APPICON_NAME = AppIcon;
				ASSETCATALOG_COMPILER_GLOBAL_ACCENT_COLOR_NAME = AccentColor;
				CODE_SIGN_STYLE = Automatic;
				CURRENT_PROJECT_VERSION = 1;
				DEVELOPMENT_TEAM = 2Z82NMX6WM;
				GENERATE_INFOPLIST_FILE = YES;
				INFOPLIST_FILE = CryptoTicker/Info.plist;
				INFOPLIST_KEY_CFBundleDisplayName = CryptoTicker;
				INFOPLIST_KEY_UIApplicationSupportsIndirectInputEvents = YES;
				INFOPLIST_KEY_UILaunchStoryboardName = LaunchScreen;
				INFOPLIST_KEY_UIMainStoryboardFile = Main;
				INFOPLIST_KEY_UISupportedInterfaceOrientations_iPad = "UIInterfaceOrientationPortrait UIInterfaceOrientationPortraitUpsideDown UIInterfaceOrientationLandscapeLeft UIInterfaceOrientationLandscapeRight";
				INFOPLIST_KEY_UISupportedInterfaceOrientations_iPhone = "UIInterfaceOrientationPortrait UIInterfaceOrientationLandscapeLeft UIInterfaceOrientationLandscapeRight";
				LD_RUNPATH_SEARCH_PATHS = (
					"$(inherited)",
					"@executable_path/Frameworks",
				);
				MARKETING_VERSION = 1.0;
				PRODUCT_BUNDLE_IDENTIFIER = com.DavidLourenco.CryptoTicker;
				PRODUCT_NAME = "$(TARGET_NAME)";
				SWIFT_EMIT_LOC_STRINGS = YES;
				SWIFT_VERSION = 5.0;
				TARGETED_DEVICE_FAMILY = "1,2";
			};
			name = Release;
		};
		1202C8012BD2D18B00A292CC /* Debug */ = {
			isa = XCBuildConfiguration;
			buildSettings = {
				ALWAYS_EMBED_SWIFT_STANDARD_LIBRARIES = YES;
				BUNDLE_LOADER = "$(TEST_HOST)";
				CLANG_ENABLE_MODULES = YES;
				CODE_SIGN_STYLE = Automatic;
				CURRENT_PROJECT_VERSION = 1;
				DEVELOPMENT_TEAM = 2Z82NMX6WM;
				GENERATE_INFOPLIST_FILE = YES;
				IPHONEOS_DEPLOYMENT_TARGET = 17.2;
				MARKETING_VERSION = 1.0;
				PRODUCT_BUNDLE_IDENTIFIER = com.DavidLourenco.CryptoTickerTests;
				PRODUCT_NAME = "$(TARGET_NAME)";
				SWIFT_EMIT_LOC_STRINGS = NO;
				SWIFT_OPTIMIZATION_LEVEL = "-Onone";
				SWIFT_VERSION = 5.0;
				TARGETED_DEVICE_FAMILY = "1,2";
				TEST_HOST = "$(BUILT_PRODUCTS_DIR)/CryptoTicker.app/$(BUNDLE_EXECUTABLE_FOLDER_PATH)/CryptoTicker";
			};
			name = Debug;
		};
		1202C8022BD2D18B00A292CC /* Release */ = {
			isa = XCBuildConfiguration;
			buildSettings = {
				ALWAYS_EMBED_SWIFT_STANDARD_LIBRARIES = YES;
				BUNDLE_LOADER = "$(TEST_HOST)";
				CLANG_ENABLE_MODULES = YES;
				CODE_SIGN_STYLE = Automatic;
				CURRENT_PROJECT_VERSION = 1;
				DEVELOPMENT_TEAM = 2Z82NMX6WM;
				GENERATE_INFOPLIST_FILE = YES;
				IPHONEOS_DEPLOYMENT_TARGET = 17.2;
				MARKETING_VERSION = 1.0;
				PRODUCT_BUNDLE_IDENTIFIER = com.DavidLourenco.CryptoTickerTests;
				PRODUCT_NAME = "$(TARGET_NAME)";
				SWIFT_EMIT_LOC_STRINGS = NO;
				SWIFT_VERSION = 5.0;
				TARGETED_DEVICE_FAMILY = "1,2";
				TEST_HOST = "$(BUILT_PRODUCTS_DIR)/CryptoTicker.app/$(BUNDLE_EXECUTABLE_FOLDER_PATH)/CryptoTicker";
			};
			name = Release;
		};
		1202C8042BD2D18B00A292CC /* Debug */ = {
			isa = XCBuildConfiguration;
			buildSettings = {
				ALWAYS_EMBED_SWIFT_STANDARD_LIBRARIES = YES;
				CLANG_ENABLE_MODULES = YES;
				CODE_SIGN_STYLE = Automatic;
				CURRENT_PROJECT_VERSION = 1;
				DEVELOPMENT_TEAM = 2Z82NMX6WM;
				GENERATE_INFOPLIST_FILE = YES;
				MARKETING_VERSION = 1.0;
				PRODUCT_BUNDLE_IDENTIFIER = com.DavidLourenco.CryptoTickerUITests;
				PRODUCT_NAME = "$(TARGET_NAME)";
				SWIFT_EMIT_LOC_STRINGS = NO;
				SWIFT_OPTIMIZATION_LEVEL = "-Onone";
				SWIFT_VERSION = 5.0;
				TARGETED_DEVICE_FAMILY = "1,2";
				TEST_TARGET_NAME = CryptoTicker;
			};
			name = Debug;
		};
		1202C8052BD2D18B00A292CC /* Release */ = {
			isa = XCBuildConfiguration;
			buildSettings = {
				ALWAYS_EMBED_SWIFT_STANDARD_LIBRARIES = YES;
				CLANG_ENABLE_MODULES = YES;
				CODE_SIGN_STYLE = Automatic;
				CURRENT_PROJECT_VERSION = 1;
				DEVELOPMENT_TEAM = 2Z82NMX6WM;
				GENERATE_INFOPLIST_FILE = YES;
				MARKETING_VERSION = 1.0;
				PRODUCT_BUNDLE_IDENTIFIER = com.DavidLourenco.CryptoTickerUITests;
				PRODUCT_NAME = "$(TARGET_NAME)";
				SWIFT_EMIT_LOC_STRINGS = NO;
				SWIFT_VERSION = 5.0;
				TARGETED_DEVICE_FAMILY = "1,2";
				TEST_TARGET_NAME = CryptoTicker;
			};
			name = Release;
		};
/* End XCBuildConfiguration section */

/* Begin XCConfigurationList section */
		1202C7CE2BD2D18700A292CC /* Build configuration list for PBXProject "CryptoTicker" */ = {
			isa = XCConfigurationList;
			buildConfigurations = (
				1202C7FB2BD2D18B00A292CC /* Debug */,
				1202C7FC2BD2D18B00A292CC /* Release */,
			);
			defaultConfigurationIsVisible = 0;
			defaultConfigurationName = Release;
		};
		1202C7FD2BD2D18B00A292CC /* Build configuration list for PBXNativeTarget "CryptoTicker" */ = {
			isa = XCConfigurationList;
			buildConfigurations = (
				1202C7FE2BD2D18B00A292CC /* Debug */,
				1202C7FF2BD2D18B00A292CC /* Release */,
			);
			defaultConfigurationIsVisible = 0;
			defaultConfigurationName = Release;
		};
		1202C8002BD2D18B00A292CC /* Build configuration list for PBXNativeTarget "CryptoTickerTests" */ = {
			isa = XCConfigurationList;
			buildConfigurations = (
				1202C8012BD2D18B00A292CC /* Debug */,
				1202C8022BD2D18B00A292CC /* Release */,
			);
			defaultConfigurationIsVisible = 0;
			defaultConfigurationName = Release;
		};
		1202C8032BD2D18B00A292CC /* Build configuration list for PBXNativeTarget "CryptoTickerUITests" */ = {
			isa = XCConfigurationList;
			buildConfigurations = (
				1202C8042BD2D18B00A292CC /* Debug */,
				1202C8052BD2D18B00A292CC /* Release */,
			);
			defaultConfigurationIsVisible = 0;
			defaultConfigurationName = Release;
		};
/* End XCConfigurationList section */
	};
	rootObject = 1202C7CB2BD2D18700A292CC /* Project object */;
}
